
Microsoft Visual Studio Solution File, Format Version 12.00
# Visual Studio Version 17
VisualStudioVersion = 17.7.34221.43
MinimumVisualStudioVersion = 10.0.40219.1
Project("{FAE04EC0-301F-11D3-BF4B-00C04F79EFBC}") = "CS311_Project3_ABE", "CS311_Project3_ABE.csproj", "{46272E56-C89F-4797-A20D-A6B85B0B0FB9}"
EndProject
Global
	GlobalSection(SolutionConfigurationPlatforms) = preSolution
		Debug|Any CPU = Debug|Any CPU
		Release|Any CPU = Release|Any CPU
	EndGlobalSection
	GlobalSection(ProjectConfigurationPlatforms) = postSolution
		{46272E56-C89F-4797-A20D-A6B85B0B0FB9}.Debug|Any CPU.ActiveCfg = Debug|Any CPU
		{46272E56-C89F-4797-A20D-A6B85B0B0FB9}.Debug|Any CPU.Build.0 = Debug|Any CPU
		{46272E56-C89F-4797-A20D-A6B85B0B0FB9}.Release|Any CPU.ActiveCfg = Release|Any CPU
		{46272E56-C89F-4797-A20D-A6B85B0B0FB9}.Release|Any CPU.Build.0 = Release|Any CPU
	EndGlobalSection
	GlobalSection(SolutionProperties) = preSolution
		HideSolutionNode = FALSE
	EndGlobalSection
	GlobalSection(ExtensibilityGlobals) = postSolution
		SolutionGuid = {474BD23D-B097-462E-8420-E849600E90F0}
	EndGlobalSection
EndGlobal
